
Microsoft Visual Studio Solution File, Format Version 12.00
# Visual Studio Version 17
VisualStudioVersion = 17.3.32804.467
MinimumVisualStudioVersion = 10.0.40219.1
Project("{FAE04EC0-301F-11D3-BF4B-00C04F79EFBC}") = "MGallery", "MGallery\MGallery.csproj", "{CD875637-AD9B-4444-925E-30E6211024B0}"
EndProject
Project("{FAE04EC0-301F-11D3-BF4B-00C04F79EFBC}") = "CrawlCore", "CrawlCore\CrawlCore.csproj", "{0453BAD4-BE8C-4D96-90FA-B04B0D93FAA6}"
EndProject
Global
	GlobalSection(SolutionConfigurationPlatforms) = preSolution
		Debug|Any CPU = Debug|Any CPU
		Release|Any CPU = Release|Any CPU
	EndGlobalSection
	GlobalSection(ProjectConfigurationPlatforms) = postSolution
		{CD875637-AD9B-4444-925E-30E6211024B0}.Debug|Any CPU.ActiveCfg = Debug|Any CPU
		{CD875637-AD9B-4444-925E-30E6211024B0}.Debug|Any CPU.Build.0 = Debug|Any CPU
		{CD875637-AD9B-4444-925E-30E6211024B0}.Release|Any CPU.ActiveCfg = Release|Any CPU
		{CD875637-AD9B-4444-925E-30E6211024B0}.Release|Any CPU.Build.0 = Release|Any CPU
		{0453BAD4-BE8C-4D96-90FA-B04B0D93FAA6}.Debug|Any CPU.ActiveCfg = Debug|Any CPU
		{0453BAD4-BE8C-4D96-90FA-B04B0D93FAA6}.Debug|Any CPU.Build.0 = Debug|Any CPU
		{0453BAD4-BE8C-4D96-90FA-B04B0D93FAA6}.Release|Any CPU.ActiveCfg = Release|Any CPU
		{0453BAD4-BE8C-4D96-90FA-B04B0D93FAA6}.Release|Any CPU.Build.0 = Release|Any CPU
	EndGlobalSection
	GlobalSection(SolutionProperties) = preSolution
		HideSolutionNode = FALSE
	EndGlobalSection
	GlobalSection(ExtensibilityGlobals) = postSolution
		SolutionGuid = {6CE6C953-B427-4626-A41E-80DDC7EE4D54}
	EndGlobalSection
EndGlobal
